{
  "name": "stats_demo",
  "version": "1.0.0",
  "lockfileVersion": 1,
  "requires": true,
  "dependencies": {
    "node-statsd": {
      "version": "0.1.1",
      "resolved": "https://registry.npmjs.org/node-statsd/-/node-statsd-0.1.1.tgz",
      "integrity": "sha1-J6WTSHY9CvegN6wqAx/vPwUQE9M="
    }
  }
}
